
Microsoft Visual Studio Solution File, Format Version 10.00
# Visual Studio 2008
Project("{8BC9CEB8-8B4A-11D0-8D11-00A0C91BC942}") = "CS580HW5", "CS580HW5.vcproj", "{C2B53BE4-4516-4EDA-AF5C-D535F320BC0A}"
EndProject
Global
	GlobalSection(SolutionConfigurationPlatforms) = preSolution
		Debug|Win32 = Debug|Win32
		Release|Win32 = Release|Win32
	EndGlobalSection
	GlobalSection(ProjectConfigurationPlatforms) = postSolution
		{C2B53BE4-4516-4EDA-AF5C-D535F320BC0A}.Debug|Win32.ActiveCfg = Debug|Win32
		{C2B53BE4-4516-4EDA-AF5C-D535F320BC0A}.Debug|Win32.Build.0 = Debug|Win32
		{C2B53BE4-4516-4EDA-AF5C-D535F320BC0A}.Release|Win32.ActiveCfg = Release|Win32
		{C2B53BE4-4516-4EDA-AF5C-D535F320BC0A}.Release|Win32.Build.0 = Release|Win32
	EndGlobalSection
	GlobalSection(SolutionProperties) = preSolution
		HideSolutionNode = FALSE
	EndGlobalSection
EndGlobal
