
Microsoft Visual Studio Solution File, Format Version 10.00
# Visual Studio 2008
Project("{8BC9CEB8-8B4A-11D0-8D11-00A0C91BC942}") = "CS580HW3", "CS580HW3.vcproj", "{EA552D37-E8DE-440A-85BF-C6FCF2365D2E}"
EndProject
Global
	GlobalSection(SolutionConfigurationPlatforms) = preSolution
		Debug|Win32 = Debug|Win32
		Release|Win32 = Release|Win32
	EndGlobalSection
	GlobalSection(ProjectConfigurationPlatforms) = postSolution
		{EA552D37-E8DE-440A-85BF-C6FCF2365D2E}.Debug|Win32.ActiveCfg = Debug|Win32
		{EA552D37-E8DE-440A-85BF-C6FCF2365D2E}.Debug|Win32.Build.0 = Debug|Win32
		{EA552D37-E8DE-440A-85BF-C6FCF2365D2E}.Release|Win32.ActiveCfg = Release|Win32
		{EA552D37-E8DE-440A-85BF-C6FCF2365D2E}.Release|Win32.Build.0 = Release|Win32
	EndGlobalSection
	GlobalSection(SolutionProperties) = preSolution
		HideSolutionNode = FALSE
	EndGlobalSection
EndGlobal
